
Microsoft Visual Studio Solution File, Format Version 12.00
# Visual Studio Version 17
VisualStudioVersion = 17.10.35027.167
MinimumVisualStudioVersion = 10.0.40219.1
Project("{FAE04EC0-301F-11D3-BF4B-00C04F79EFBC}") = "ClassVeNesneler", "ClassVeNesneler\ClassVeNesneler.csproj", "{9EE4354A-8866-4DBE-977F-0A2E4AAA65CB}"
EndProject
Global
	GlobalSection(SolutionConfigurationPlatforms) = preSolution
		Debug|Any CPU = Debug|Any CPU
		Release|Any CPU = Release|Any CPU
	EndGlobalSection
	GlobalSection(ProjectConfigurationPlatforms) = postSolution
		{9EE4354A-8866-4DBE-977F-0A2E4AAA65CB}.Debug|Any CPU.ActiveCfg = Debug|Any CPU
		{9EE4354A-8866-4DBE-977F-0A2E4AAA65CB}.Debug|Any CPU.Build.0 = Debug|Any CPU
		{9EE4354A-8866-4DBE-977F-0A2E4AAA65CB}.Release|Any CPU.ActiveCfg = Release|Any CPU
		{9EE4354A-8866-4DBE-977F-0A2E4AAA65CB}.Release|Any CPU.Build.0 = Release|Any CPU
	EndGlobalSection
	GlobalSection(SolutionProperties) = preSolution
		HideSolutionNode = FALSE
	EndGlobalSection
	GlobalSection(ExtensibilityGlobals) = postSolution
		SolutionGuid = {42BC4508-C464-4DB6-A0EE-38A8702FE15A}
	EndGlobalSection
EndGlobal
